PODS:
  - IGListDiffKit (4.0.0)
  - IGListKit (4.0.0):
    - IGListDiffKit (= 4.0.0)
  - IQKeyboardManager (6.5.5)
  - Masonry (1.1.0)
  - MJExtension (3.2.1)
  - ReactiveObjC (3.1.1)

DEPENDENCIES:
  - IGListKit
  - IQKeyboardManager
  - Masonry
  - MJExtension
  - ReactiveObjC

SPEC REPOS:
  trunk:
    - IGListDiffKit
    - IGListKit
    - IQKeyboardManager
    - Masonry
    - MJExtension
    - ReactiveObjC

SPEC CHECKSUMS:
  IGListDiffKit: 665d6cf43ce726e676013db9c7d6c4294259b6b2
  IGListKit: fd5a5d21935298f5849fa49d426843cff97b77c7
  IQKeyboardManager: 3a8b9e603f8b0eeaf5f096a1f2b2cfcf121992ef
  Masonry: 678fab65091a9290e40e2832a55e7ab731aad201
  MJExtension: 635f2c663dcb1bf76fa4b715b2570a5710aec545
  ReactiveObjC: 011caa393aa0383245f2dcf9bf02e86b80b36040

PODFILE CHECKSUM: fcc116cd9b8b08b4307bb527a49cceaa2b66439b

COCOAPODS: 1.9.2
